
Microsoft Visual Studio Solution File, Format Version 12.00
Project("{FAE04EC0-301F-11D3-BF4B-00C04F79EFBC}") = "PizzeriaWebService", "PizzeriaWebService\PizzeriaWebService.csproj", "{D189704F-353C-452C-90D5-5888B0CDB49F}"
EndProject
Global
	GlobalSection(SolutionConfigurationPlatforms) = preSolution
		Debug|Any CPU = Debug|Any CPU
		Release|Any CPU = Release|Any CPU
	EndGlobalSection
	GlobalSection(ProjectConfigurationPlatforms) = postSolution
		{D189704F-353C-452C-90D5-5888B0CDB49F}.Debug|Any CPU.ActiveCfg = Debug|Any CPU
		{D189704F-353C-452C-90D5-5888B0CDB49F}.Debug|Any CPU.Build.0 = Debug|Any CPU
		{D189704F-353C-452C-90D5-5888B0CDB49F}.Release|Any CPU.ActiveCfg = Release|Any CPU
		{D189704F-353C-452C-90D5-5888B0CDB49F}.Release|Any CPU.Build.0 = Release|Any CPU
	EndGlobalSection
EndGlobal
